
Microsoft Visual Studio Solution File, Format Version 12.00
# Visual Studio Version 17
VisualStudioVersion = 17.7.34202.233
MinimumVisualStudioVersion = 10.0.40219.1
Project("{9A19103F-16F7-4668-BE54-9A1E7A4F7556}") = "Automate", "Automate\Automate.csproj", "{D60E0DA0-8AA3-4028-94F2-8149868FC5F3}"
EndProject
Project("{FAE04EC0-301F-11D3-BF4B-00C04F79EFBC}") = "AutomateTests", "AutomateTests\AutomateTests.csproj", "{4FF97477-E435-4C3D-B2FD-EF987C2CC83D}"
EndProject
Global
	GlobalSection(SolutionConfigurationPlatforms) = preSolution
		Debug|Any CPU = Debug|Any CPU
		Release|Any CPU = Release|Any CPU
	EndGlobalSection
	GlobalSection(ProjectConfigurationPlatforms) = postSolution
		{D60E0DA0-8AA3-4028-94F2-8149868FC5F3}.Debug|Any CPU.ActiveCfg = Debug|Any CPU
		{D60E0DA0-8AA3-4028-94F2-8149868FC5F3}.Debug|Any CPU.Build.0 = Debug|Any CPU
		{D60E0DA0-8AA3-4028-94F2-8149868FC5F3}.Release|Any CPU.ActiveCfg = Release|Any CPU
		{D60E0DA0-8AA3-4028-94F2-8149868FC5F3}.Release|Any CPU.Build.0 = Release|Any CPU
		{4FF97477-E435-4C3D-B2FD-EF987C2CC83D}.Debug|Any CPU.ActiveCfg = Debug|Any CPU
		{4FF97477-E435-4C3D-B2FD-EF987C2CC83D}.Debug|Any CPU.Build.0 = Debug|Any CPU
		{4FF97477-E435-4C3D-B2FD-EF987C2CC83D}.Release|Any CPU.ActiveCfg = Release|Any CPU
		{4FF97477-E435-4C3D-B2FD-EF987C2CC83D}.Release|Any CPU.Build.0 = Release|Any CPU
	EndGlobalSection
	GlobalSection(SolutionProperties) = preSolution
		HideSolutionNode = FALSE
	EndGlobalSection
	GlobalSection(ExtensibilityGlobals) = postSolution
		SolutionGuid = {39A21B10-E280-4162-A4F9-BEA7B0A4FC23}
	EndGlobalSection
EndGlobal
